
Microsoft Visual Studio Solution File, Format Version 12.00
Project("{FAE04EC0-301F-11D3-BF4B-00C04F79EFBC}") = "Solution DTS Batch 2", "Solution DTS Batch 2\Solution DTS Batch 2.csproj", "{5B823967-D778-4B71-8995-207178896E12}"
EndProject
Project("{FAE04EC0-301F-11D3-BF4B-00C04F79EFBC}") = "DatabaseConnectivity", "DatabaseConnectivity\DatabaseConnectivity.csproj", "{9AFC7108-09D4-40F5-B3EF-0BA536EA687E}"
EndProject
Global
	GlobalSection(SolutionConfigurationPlatforms) = preSolution
		Debug|Any CPU = Debug|Any CPU
		Release|Any CPU = Release|Any CPU
	EndGlobalSection
	GlobalSection(ProjectConfigurationPlatforms) = postSolution
		{5B823967-D778-4B71-8995-207178896E12}.Debug|Any CPU.ActiveCfg = Debug|Any CPU
		{5B823967-D778-4B71-8995-207178896E12}.Debug|Any CPU.Build.0 = Debug|Any CPU
		{5B823967-D778-4B71-8995-207178896E12}.Release|Any CPU.ActiveCfg = Release|Any CPU
		{5B823967-D778-4B71-8995-207178896E12}.Release|Any CPU.Build.0 = Release|Any CPU
		{9AFC7108-09D4-40F5-B3EF-0BA536EA687E}.Debug|Any CPU.ActiveCfg = Debug|Any CPU
		{9AFC7108-09D4-40F5-B3EF-0BA536EA687E}.Debug|Any CPU.Build.0 = Debug|Any CPU
		{9AFC7108-09D4-40F5-B3EF-0BA536EA687E}.Release|Any CPU.ActiveCfg = Release|Any CPU
		{9AFC7108-09D4-40F5-B3EF-0BA536EA687E}.Release|Any CPU.Build.0 = Release|Any CPU
	EndGlobalSection
EndGlobal
